
Microsoft Visual Studio Solution File, Format Version 12.00
# Visual Studio Version 16
VisualStudioVersion = 16.0.29409.12
MinimumVisualStudioVersion = 10.0.40219.1
Project("{8BC9CEB8-8B4A-11D0-8D11-00A0C91BC942}") = "hxy_exp1", "hxy_exp1.vcxproj", "{714672AB-E5BC-4019-A717-43EB17C4ED89}"
EndProject
Global
	GlobalSection(SolutionConfigurationPlatforms) = preSolution
		Debug|x64 = Debug|x64
		Debug|x86 = Debug|x86
		Release|x64 = Release|x64
		Release|x86 = Release|x86
	EndGlobalSection
	GlobalSection(ProjectConfigurationPlatforms) = postSolution
		{714672AB-E5BC-4019-A717-43EB17C4ED89}.Debug|x64.ActiveCfg = Debug|x64
		{714672AB-E5BC-4019-A717-43EB17C4ED89}.Debug|x64.Build.0 = Debug|x64
		{714672AB-E5BC-4019-A717-43EB17C4ED89}.Debug|x86.ActiveCfg = Debug|Win32
		{714672AB-E5BC-4019-A717-43EB17C4ED89}.Debug|x86.Build.0 = Debug|Win32
		{714672AB-E5BC-4019-A717-43EB17C4ED89}.Release|x64.ActiveCfg = Release|x64
		{714672AB-E5BC-4019-A717-43EB17C4ED89}.Release|x64.Build.0 = Release|x64
		{714672AB-E5BC-4019-A717-43EB17C4ED89}.Release|x86.ActiveCfg = Release|Win32
		{714672AB-E5BC-4019-A717-43EB17C4ED89}.Release|x86.Build.0 = Release|Win32
	EndGlobalSection
	GlobalSection(SolutionProperties) = preSolution
		HideSolutionNode = FALSE
	EndGlobalSection
	GlobalSection(ExtensibilityGlobals) = postSolution
		SolutionGuid = {3DC31E6F-917E-4076-B556-FBDCE8F2C3B3}
	EndGlobalSection
EndGlobal
